{
  "version": 4,
  "terraform_version": "1.1.7",
  "serial": 21,
  "lineage": "eb197e28-d6b9-0903-d230-24d0d9f529c0",
  "outputs": {},
  "resources": [
    {
      "mode": "data",
      "type": "google_client_config",
      "name": "provider",
      "provider": "provider[\"registry.terraform.io/hashicorp/google\"]",
      "instances": [
        {
          "schema_version": 0,
          "attributes": {
            "access_token": "ya29.A0ARrdaM_l_2mC-qc0u3HRF_Jhj2M7vSRyC87FgdtvVwtcLhFjz93g6IjSrC0uhR-JsZBpajgiYdecxwXdGCga2iY6VcPFh3-6DYI0ypN_v7hn_2VvtJnJqBhsOF4-1ZeHVOzcYvfrl2XaEsnKV9Omp1c7lqoMfQ",
            "id": "projects//regions//zones/",
            "project": "",
            "region": "",
            "zone": ""
          },
          "sensitive_attributes": []
        }
      ]
    },
    {
      "mode": "data",
      "type": "google_container_cluster",
      "name": "my_cluster",
      "provider": "provider[\"registry.terraform.io/hashicorp/google\"]",
      "instances": [
        {
          "schema_version": 0,
          "attributes": {
            "addons_config": [
              {
                "cloudrun_config": [],
                "horizontal_pod_autoscaling": [],
                "http_load_balancing": [],
                "network_policy_config": [
                  {
                    "disabled": true
                  }
                ]
              }
            ],
            "authenticator_groups_config": [],
            "cluster_autoscaling": [
              {
                "auto_provisioning_defaults": [],
                "enabled": false,
                "resource_limits": []
              }
            ],
            "cluster_ipv4_cidr": "10.0.0.0/14",
            "database_encryption": [
              {
                "key_name": "",
                "state": "DECRYPTED"
              }
            ],
            "default_max_pods_per_node": 110,
            "description": "",
            "enable_binary_authorization": false,
            "enable_intranode_visibility": null,
            "enable_kubernetes_alpha": false,
            "enable_legacy_abac": false,
            "enable_shielded_nodes": false,
            "enable_tpu": null,
            "endpoint": "34.121.111.47",
            "id": "projects/gkedeployment-345319/locations/us-central1/clusters/gkedeployment-345319-gke",
            "initial_node_count": 1,
            "instance_group_urls": [
              "https://www.googleapis.com/compute/v1/projects/gkedeployment-345319/zones/us-central1-c/instanceGroups/gke-gkedeployment-345319-default-pool-dee220a4-grp",
              "https://www.googleapis.com/compute/v1/projects/gkedeployment-345319/zones/us-central1-a/instanceGroups/gke-gkedeployment-345319-default-pool-6d268ade-grp",
              "https://www.googleapis.com/compute/v1/projects/gkedeployment-345319/zones/us-central1-b/instanceGroups/gke-gkedeployment-345319-default-pool-e9837b76-grp"
            ],
            "ip_allocation_policy": [
              {
                "cluster_ipv4_cidr_block": "10.0.0.0/14",
                "cluster_secondary_range_name": "gke-gkedeployment-345319-gke-pods-b2ca8b15",
                "services_ipv4_cidr_block": "10.4.0.0/20",
                "services_secondary_range_name": "gke-gkedeployment-345319-gke-services-b2ca8b15"
              }
            ],
            "label_fingerprint": "a9dc16a7",
            "location": "us-central1",
            "logging_service": "logging.googleapis.com/kubernetes",
            "maintenance_policy": [],
            "master_auth": [
              {
                "client_certificate": "",
                "client_certificate_config": [
                  {
                    "issue_client_certificate": false
                  }
                ],
                "client_key": "",
                "cluster_ca_certificate": "LS0tLS1CRUdJTiBDRVJUSUZJQ0FURS0tLS0tCk1JSUVMRENDQXBTZ0F3SUJBZ0lRRnJXRGdZTWJQYkVZbnJhNjZhS0JtREFOQmdrcWhraUc5dzBCQVFzRkFEQXYKTVMwd0t3WURWUVFERXlRM05HUmpPV0UwWkMxaE1qVm1MVFF3TldVdFlUTTBPQzB4TnpBM09XVXlZekV5Tm1JdwpJQmNOTWpJd016STJNVGd5TXpBMVdoZ1BNakExTWpBek1UZ3hPVEl6TURWYU1DOHhMVEFyQmdOVkJBTVRKRGMwClpHTTVZVFJrTFdFeU5XWXROREExWlMxaE16UTRMVEUzTURjNVpUSmpNVEkyWWpDQ0FhSXdEUVlKS29aSWh2Y04KQVFFQkJRQURnZ0dQQURDQ0FZb0NnZ0dCQU5hNHRtMzNWV3VGVzFwbml5QzhnKzlCRk13WEFDQ0FzdE1IbUU2RgpYc05VR2tpNVZuWUZZc2dtT0VpM0ZNeW9OZDFlUHJZUzBPSHhpcUhTdFhEbkxsWTIycEw5M0VUSHIzSWROV0FFCktIYXdDQTh3VVFja0dQcmplNDNLTkIwVGpyUWtJWUt4T1A4SHg1b1hCWUpnMmxNb2RiWVoxTDVJZXBzclpuaEcKUEJzeXNtSkVUTmRkTVpOdVAveGovUFY2emkvNWlPTWplV1F5T2NRMUI2bHc3bFc0ZGt6WEYzeXBpUzNiZC9kZApzeW5IVFNjWjJCQm1JT1oyR2NOVUxSTU1mSWNSamoxUDRTUlNKZ3krTVEzWUpkbW1qemZTZlFRcEdGS3VEVHR5CmtPRUFHZkNIZ1BHTmg5WTNoTTVSRlE1ajlUa1RkeGtUUmR6dXRWYnRSMUd6dmJGcFBLbzNPWStnNHVtK3E0ZmEKZUxFc3ZnUEZJR0xGODNFak1jekliMEJzM24yQTZZQXVJUUJGRHk5aWtvSjZSYnJuS3VxdnJKK1RxVlJNeDFzQgo3amdwNElYM3Y2bHdpbXY0OGkyOGs5UDhqZEwyOStUb2F2SVFGc3BOK3RsRkVoU2NMK0RJMy8yRWlTd1Yybm02CnNreEVBRXRJbnVBb0U4cUNGREpjdXh1UlF3SURBUUFCbzBJd1FEQU9CZ05WSFE4QkFmOEVCQU1DQWdRd0R3WUQKVlIwVEFRSC9CQVV3QXdFQi96QWRCZ05WSFE0RUZnUVVFMUpzMnB1NWQzWHlVaFhZZ0ZWZ2lwSHVtbjh3RFFZSgpLb1pJaHZjTkFRRUxCUUFEZ2dHQkFGNDRibWdMZmFDdk1ZMms4TGd4MHpIanpoVmFTaUEzTmk5WDVFUUNnYVROCndJUzJIdHlFYTh2ZGliTzk1UzJDWDZsTXRralJ4bTkxNkhub3pVSWoyZENtbGQ1QVNycFgvMG5VOGJmQTVLSFMKMEcrWEFEOHF6dEltWUwvaGxQQnBndFk2bFh1U2hrRFl5U0h3VDlodU9Bcmx1anpnTml1YTBwME5QTUc3UFJNRgo1VWxFYkhhRHJEbUZMZit4ZzFTWkVjYklMc3FpcmRobVRsVHhNOWM3UnBoREE0b2wvMTNCayttVGpvMGdWRGloCm91MVZsbkN0cjFESjNCaHdXbm1tUndrRzJwUjZQaS9rL2I2VitLWnFTelFHbi9yOWZMQ1FKcDNlZWFWUkEzYnAKd3ZRdHZLYzM0aWRHaDBuR24xZHZNT3RXdmtuRFA1amtKbmtJWTB6cEpwYTB5ckNCeEl6Y0lhbmxabmRwTTQycQplNFQ3blVuTzdEU21FbVBQVmRHcSt5NndoaitsbDZMVGpIUHhVMVR6TjNRaVZMUElJR1FrbTJPUGlUVGJoVEVrCno0Q2hEWVkxMUhLcHQwbXhraHVzZFRudTBBVytWZEQ5bmdwUzQrOHcxZTJPS2NMOGROZkgyWDNLN0NFeHdaYUgKZUMrYzlXSllHTW1uQWlzUSttTXRpZz09Ci0tLS0tRU5EIENFUlRJRklDQVRFLS0tLS0K",
                "password": "",
                "username": ""
              }
            ],
            "master_authorized_networks_config": [],
            "master_version": "1.21.9-gke.1002",
            "min_master_version": null,
            "monitoring_service": "monitoring.googleapis.com/kubernetes",
            "name": "gkedeployment-345319-gke",
            "network": "projects/gkedeployment-345319/global/networks/gkedeployment-345319-todovpc",
            "network_policy": [
              {
                "enabled": false,
                "provider": "PROVIDER_UNSPECIFIED"
              }
            ],
            "node_config": [
              {
                "disk_size_gb": 100,
                "disk_type": "pd-standard",
                "guest_accelerator": [],
                "image_type": "COS_CONTAINERD",
                "labels": {},
                "local_ssd_count": 0,
                "machine_type": "e2-medium",
                "metadata": {
                  "disable-legacy-endpoints": "true"
                },
                "min_cpu_platform": "",
                "oauth_scopes": [
                  "https://www.googleapis.com/auth/devstorage.read_only",
                  "https://www.googleapis.com/auth/logging.write",
                  "https://www.googleapis.com/auth/monitoring",
                  "https://www.googleapis.com/auth/service.management.readonly",
                  "https://www.googleapis.com/auth/servicecontrol",
                  "https://www.googleapis.com/auth/trace.append"
                ],
                "preemptible": false,
                "service_account": "default",
                "shielded_instance_config": [
                  {
                    "enable_integrity_monitoring": true,
                    "enable_secure_boot": false
                  }
                ],
                "tags": [],
                "taint": [],
                "workload_metadata_config": []
              }
            ],
            "node_locations": [
              "us-central1-a",
              "us-central1-b",
              "us-central1-c"
            ],
            "node_pool": [
              {
                "autoscaling": [],
                "initial_node_count": 1,
                "instance_group_urls": [
                  "https://www.googleapis.com/compute/v1/projects/gkedeployment-345319/zones/us-central1-c/instanceGroupManagers/gke-gkedeployment-345319-default-pool-dee220a4-grp",
                  "https://www.googleapis.com/compute/v1/projects/gkedeployment-345319/zones/us-central1-a/instanceGroupManagers/gke-gkedeployment-345319-default-pool-6d268ade-grp",
                  "https://www.googleapis.com/compute/v1/projects/gkedeployment-345319/zones/us-central1-b/instanceGroupManagers/gke-gkedeployment-345319-default-pool-e9837b76-grp"
                ],
                "management": [
                  {
                    "auto_repair": true,
                    "auto_upgrade": true
                  }
                ],
                "max_pods_per_node": 110,
                "name": "default-pool",
                "name_prefix": "",
                "node_config": [
                  {
                    "disk_size_gb": 100,
                    "disk_type": "pd-standard",
                    "guest_accelerator": [],
                    "image_type": "COS_CONTAINERD",
                    "labels": {},
                    "local_ssd_count": 0,
                    "machine_type": "e2-medium",
                    "metadata": {
                      "disable-legacy-endpoints": "true"
                    },
                    "min_cpu_platform": "",
                    "oauth_scopes": [
                      "https://www.googleapis.com/auth/devstorage.read_only",
                      "https://www.googleapis.com/auth/logging.write",
                      "https://www.googleapis.com/auth/monitoring",
                      "https://www.googleapis.com/auth/service.management.readonly",
                      "https://www.googleapis.com/auth/servicecontrol",
                      "https://www.googleapis.com/auth/trace.append"
                    ],
                    "preemptible": false,
                    "service_account": "default",
                    "shielded_instance_config": [
                      {
                        "enable_integrity_monitoring": true,
                        "enable_secure_boot": false
                      }
                    ],
                    "tags": [],
                    "taint": [],
                    "workload_metadata_config": []
                  }
                ],
                "node_count": 1,
                "node_locations": [
                  "us-central1-a",
                  "us-central1-b",
                  "us-central1-c"
                ],
                "upgrade_settings": [
                  {
                    "max_surge": 1,
                    "max_unavailable": 0
                  }
                ],
                "version": "1.21.9-gke.1002"
              }
            ],
            "node_version": "1.21.9-gke.1002",
            "operation": null,
            "pod_security_policy_config": null,
            "private_cluster_config": [],
            "project": "gkedeployment-345319",
            "release_channel": [
              {
                "channel": "REGULAR"
              }
            ],
            "remove_default_node_pool": null,
            "resource_labels": {},
            "resource_usage_export_config": [],
            "self_link": "https://container.googleapis.com/v1beta1/projects/gkedeployment-345319/locations/us-central1/clusters/gkedeployment-345319-gke",
            "services_ipv4_cidr": "10.4.0.0/20",
            "subnetwork": "projects/gkedeployment-345319/regions/us-central1/subnetworks/gkedeployment-345319-todosubnet",
            "vertical_pod_autoscaling": [],
            "workload_identity_config": []
          },
          "sensitive_attributes": []
        }
      ]
    },
    {
      "mode": "managed",
      "type": "kubernetes_config_map",
      "name": "mongodb_replicaset_mongodb",
      "provider": "provider[\"registry.terraform.io/hashicorp/kubernetes\"]",
      "instances": [
        {
          "schema_version": 0,
          "attributes": {
            "binary_data": null,
            "data": {
              "mongod.conf": "{}\n"
            },
            "id": "prod/todomongodb-mongodb-replicaset-mongodb",
            "metadata": [
              {
                "annotations": null,
                "generate_name": "",
                "generation": 0,
                "labels": {
                  "app": "mongodb-replicaset",
                  "release": "todomongodb"
                },
                "name": "todomongodb-mongodb-replicaset-mongodb",
                "namespace": "prod",
                "resource_version": "13616",
                "uid": "2aa95239-7b5b-48ad-ac67-2b4dd95af035"
              }
            ]
          },
          "sensitive_attributes": [],
          "private": "bnVsbA==",
          "dependencies": [
            "data.google_client_config.provider",
            "data.google_container_cluster.my_cluster"
          ]
        }
      ]
    },
    {
      "mode": "managed",
      "type": "kubernetes_namespace",
      "name": "prod",
      "provider": "provider[\"registry.terraform.io/hashicorp/kubernetes\"]",
      "instances": [
        {
          "schema_version": 0,
          "attributes": {
            "id": "prod",
            "metadata": [
              {
                "annotations": {
                  "name": "prod-annotation"
                },
                "generate_name": "",
                "generation": 0,
                "labels": {
                  "mylabel": "prod-label"
                },
                "name": "prod",
                "resource_version": "13608",
                "uid": "46a53b87-2ae9-4d31-b4fd-87f479dac058"
              }
            ],
            "timeouts": null
          },
          "sensitive_attributes": [],
          "private": "eyJlMmJmYjczMC1lY2FhLTExZTYtOGY4OC0zNDM2M2JjN2M0YzAiOnsiZGVsZXRlIjozMDAwMDAwMDAwMDB9fQ==",
          "dependencies": [
            "data.google_client_config.provider",
            "data.google_container_cluster.my_cluster"
          ]
        }
      ]
    },
    {
      "mode": "managed",
      "type": "kubernetes_service",
      "name": "mongodb_replicaset",
      "provider": "provider[\"registry.terraform.io/hashicorp/kubernetes\"]",
      "instances": [
        {
          "schema_version": 1,
          "attributes": {
            "id": "prod/todomongodb-mongodb-replicaset",
            "metadata": [
              {
                "annotations": {
                  "cloud.google.com/neg": "{\"ingress\":true}",
                  "service.alpha.kubernetes.io/tolerate-unready-endpoints": "true"
                },
                "generate_name": "",
                "generation": 0,
                "labels": {
                  "app": "mongodb-replicaset",
                  "release": "todomongodb"
                },
                "name": "todomongodb-mongodb-replicaset",
                "namespace": "prod",
                "resource_version": "13628",
                "uid": "48aae156-7491-4fd6-a3b4-c29eb775beb7"
              }
            ],
            "spec": [
              {
                "cluster_ip": "None",
                "external_ips": null,
                "external_name": "",
                "external_traffic_policy": "",
                "health_check_node_port": 0,
                "load_balancer_ip": "",
                "load_balancer_source_ranges": null,
                "port": [
                  {
                    "name": "mongodb",
                    "node_port": 0,
                    "port": 27017,
                    "protocol": "TCP",
                    "target_port": "27017"
                  }
                ],
                "publish_not_ready_addresses": true,
                "selector": {
                  "app": "mongodb-replicaset",
                  "release": "todomongodb"
                },
                "session_affinity": "None",
                "type": "ClusterIP"
              }
            ],
            "status": [
              {
                "load_balancer": [
                  {
                    "ingress": []
                  }
                ]
              }
            ],
            "timeouts": null,
            "wait_for_load_balancer": true
          },
          "sensitive_attributes": [],
          "private": "eyJlMmJmYjczMC1lY2FhLTExZTYtOGY4OC0zNDM2M2JjN2M0YzAiOnsiY3JlYXRlIjo2MDAwMDAwMDAwMDB9LCJzY2hlbWFfdmVyc2lvbiI6IjEifQ==",
          "dependencies": [
            "data.google_client_config.provider",
            "data.google_container_cluster.my_cluster"
          ]
        }
      ]
    }
  ]
}
